// !$*UTF8*$!
{
	archiveVersion = 1;
	classes = {
	};
	objectVersion = 50;
	objects = {

/* Begin PBXBuildFile section */
		CC7D8E6822B2C6CC00ADB95F /* AppDelegate.swift in Sources */ = {isa = PBXBuildFile; fileRef = CC7D8E6722B2C6CC00ADB95F /* AppDelegate.swift */; };
		CC7D8E6A22B2C6CC00ADB95F /* ToDoListViewController.swift in Sources */ = {isa = PBXBuildFile; fileRef = CC7D8E6922B2C6CC00ADB95F /* ToDoListViewController.swift */; };
		CC7D8E6D22B2C6CC00ADB95F /* Main.storyboard in Resources */ = {isa = PBXBuildFile; fileRef = CC7D8E6B22B2C6CC00ADB95F /* Main.storyboard */; };
		CC7D8E6F22B2C6CD00ADB95F /* Assets.xcassets in Resources */ = {isa = PBXBuildFile; fileRef = CC7D8E6E22B2C6CD00ADB95F /* Assets.xcassets */; };
		CC7D8E7222B2C6CD00ADB95F /* LaunchScreen.storyboard in Resources */ = {isa = PBXBuildFile; fileRef = CC7D8E7022B2C6CD00ADB95F /* LaunchScreen.storyboard */; };
		CC7D8E8122B3ECB700ADB95F /* DataModel.xcdatamodeld in Sources */ = {isa = PBXBuildFile; fileRef = CC7D8E7F22B3ECB700ADB95F /* DataModel.xcdatamodeld */; };
		CC7D8EA422B950F800ADB95F /* CategoryTableViewController.swift in Sources */ = {isa = PBXBuildFile; fileRef = CC7D8EA322B950F800ADB95F /* CategoryTableViewController.swift */; };
/* End PBXBuildFile section */

/* Begin PBXFileReference section */
		CC7D8E6422B2C6CC00ADB95F /* Todoey.app */ = {isa = PBXFileReference; explicitFileType = wrapper.application; includeInIndex = 0; path = Todoey.app; sourceTree = BUILT_PRODUCTS_DIR; };
		CC7D8E6722B2C6CC00ADB95F /* AppDelegate.swift */ = {isa = PBXFileReference; lastKnownFileType = sourcecode.swift; path = AppDelegate.swift; sourceTree = "<group>"; };
		CC7D8E6922B2C6CC00ADB95F /* ToDoListViewController.swift */ = {isa = PBXFileReference; lastKnownFileType = sourcecode.swift; path = ToDoListViewController.swift; sourceTree = "<group>"; };
		CC7D8E6C22B2C6CC00ADB95F /* Base */ = {isa = PBXFileReference; lastKnownFileType = file.storyboard; name = Base; path = Base.lproj/Main.storyboard; sourceTree = "<group>"; };
		CC7D8E6E22B2C6CD00ADB95F /* Assets.xcassets */ = {isa = PBXFileReference; lastKnownFileType = folder.assetcatalog; path = Assets.xcassets; sourceTree = "<group>"; };
		CC7D8E7122B2C6CD00ADB95F /* Base */ = {isa = PBXFileReference; lastKnownFileType = file.storyboard; name = Base; path = Base.lproj/LaunchScreen.storyboard; sourceTree = "<group>"; };
		CC7D8E7322B2C6CD00ADB95F /* Info.plist */ = {isa = PBXFileReference; lastKnownFileType = text.plist.xml; path = Info.plist; sourceTree = "<group>"; };
		CC7D8E8022B3ECB700ADB95F /* DataModel.xcdatamodel */ = {isa = PBXFileReference; lastKnownFileType = wrapper.xcdatamodel; path = DataModel.xcdatamodel; sourceTree = "<group>"; };
		CC7D8EA322B950F800ADB95F /* CategoryTableViewController.swift */ = {isa = PBXFileReference; lastKnownFileType = sourcecode.swift; path = CategoryTableViewController.swift; sourceTree = "<group>"; };
/* End PBXFileReference section */

/* Begin PBXFrameworksBuildPhase section */
		CC7D8E6122B2C6CC00ADB95F /* Frameworks */ = {
			isa = PBXFrameworksBuildPhase;
			buildActionMask = 2147483647;
			files = (
			);
			runOnlyForDeploymentPostprocessing = 0;
		};
/* End PBXFrameworksBuildPhase section */

/* Begin PBXGroup section */
		CC7D8E5B22B2C6CC00ADB95F = {
			isa = PBXGroup;
			children = (
				CC7D8E6622B2C6CC00ADB95F /* Todoey */,
				CC7D8E6522B2C6CC00ADB95F /* Products */,
			);
			sourceTree = "<group>";
		};
		CC7D8E6522B2C6CC00ADB95F /* Products */ = {
			isa = PBXGroup;
			children = (
				CC7D8E6422B2C6CC00ADB95F /* Todoey.app */,
			);
			name = Products;
			sourceTree = "<group>";
		};
		CC7D8E6622B2C6CC00ADB95F /* Todoey */ = {
			isa = PBXGroup;
			children = (
				CC7D8E7D22B3D2C200ADB95F /* Controllers */,
				CC7D8E7C22B3D2AE00ADB95F /* Models */,
				CC7D8E7B22B3D24000ADB95F /* View */,
				CC7D8E7E22B3D31900ADB95F /* Supporting Files */,
				CC7D8E7322B2C6CD00ADB95F /* Info.plist */,
			);
			path = Todoey;
			sourceTree = "<group>";
		};
		CC7D8E7B22B3D24000ADB95F /* View */ = {
			isa = PBXGroup;
			children = (
				CC7D8E6B22B2C6CC00ADB95F /* Main.storyboard */,
			);
			path = View;
			sourceTree = "<group>";
		};
		CC7D8E7C22B3D2AE00ADB95F /* Models */ = {
			isa = PBXGroup;
			children = (
				CC7D8E7F22B3ECB700ADB95F /* DataModel.xcdatamodeld */,
			);
			path = Models;
			sourceTree = "<group>";
		};
		CC7D8E7D22B3D2C200ADB95F /* Controllers */ = {
			isa = PBXGroup;
			children = (
				CC7D8EA322B950F800ADB95F /* CategoryTableViewController.swift */,
				CC7D8E6722B2C6CC00ADB95F /* AppDelegate.swift */,
				CC7D8E6922B2C6CC00ADB95F /* ToDoListViewController.swift */,
			);
			path = Controllers;
			sourceTree = "<group>";
		};
		CC7D8E7E22B3D31900ADB95F /* Supporting Files */ = {
			isa = PBXGroup;
			children = (
				CC7D8E7022B2C6CD00ADB95F /* LaunchScreen.storyboard */,
				CC7D8E6E22B2C6CD00ADB95F /* Assets.xcassets */,
			);
			path = "Supporting Files";
			sourceTree = "<group>";
		};
/* End PBXGroup section */

/* Begin PBXNativeTarget section */
		CC7D8E6322B2C6CC00ADB95F /* Todoey */ = {
			isa = PBXNativeTarget;
			buildConfigurationList = CC7D8E7622B2C6CD00ADB95F /* Build configuration list for PBXNativeTarget "Todoey" */;
			buildPhases = (
				CC7D8E6022B2C6CC00ADB95F /* Sources */,
				CC7D8E6122B2C6CC00ADB95F /* Frameworks */,
				CC7D8E6222B2C6CC00ADB95F /* Resources */,
			);
			buildRules = (
			);
			dependencies = (
			);
			name = Todoey;
			productName = Todoey;
			productReference = CC7D8E6422B2C6CC00ADB95F /* Todoey.app */;
			productType = "com.apple.product-type.application";
		};
/* End PBXNativeTarget section */

/* Begin PBXProject section */
		CC7D8E5C22B2C6CC00ADB95F /* Project object */ = {
			isa = PBXProject;
			attributes = {
				LastSwiftUpdateCheck = 1020;
				LastUpgradeCheck = 1020;
				ORGANIZATIONNAME = "Anthony Moree";
				TargetAttributes = {
					CC7D8E6322B2C6CC00ADB95F = {
						CreatedOnToolsVersion = 10.2.1;
					};
				};
			};
			buildConfigurationList = CC7D8E5F22B2C6CC00ADB95F /* Build configuration list for PBXProject "Todoey" */;
			compatibilityVersion = "Xcode 9.3";
			developmentRegion = en;
			hasScannedForEncodings = 0;
			knownRegions = (
				en,
				Base,
			);
			mainGroup = CC7D8E5B22B2C6CC00ADB95F;
			productRefGroup = CC7D8E6522B2C6CC00ADB95F /* Products */;
			projectDirPath = "";
			projectRoot = "";
			targets = (
				CC7D8E6322B2C6CC00ADB95F /* Todoey */,
			);
		};
/* End PBXProject section */

/* Begin PBXResourcesBuildPhase section */
		CC7D8E6222B2C6CC00ADB95F /* Resources */ = {
			isa = PBXResourcesBuildPhase;
			buildActionMask = 2147483647;
			files = (
				CC7D8E7222B2C6CD00ADB95F /* LaunchScreen.storyboard in Resources */,
				CC7D8E6F22B2C6CD00ADB95F /* Assets.xcassets in Resources */,
				CC7D8E6D22B2C6CC00ADB95F /* Main.storyboard in Resources */,
			);
			runOnlyForDeploymentPostprocessing = 0;
		};
/* End PBXResourcesBuildPhase section */

/* Begin PBXSourcesBuildPhase section */
		CC7D8E6022B2C6CC00ADB95F /* Sources */ = {
			isa = PBXSourcesBuildPhase;
			buildActionMask = 2147483647;
			files = (
				CC7D8E8122B3ECB700ADB95F /* DataModel.xcdatamodeld in Sources */,
				CC7D8E6A22B2C6CC00ADB95F /* ToDoListViewController.swift in Sources */,
				CC7D8E6822B2C6CC00ADB95F /* AppDelegate.swift in Sources */,
				CC7D8EA422B950F800ADB95F /* CategoryTableViewController.swift in Sources */,
			);
			runOnlyForDeploymentPostprocessing = 0;
		};
/* End PBXSourcesBuildPhase section */

/* Begin PBXVariantGroup section */
		CC7D8E6B22B2C6CC00ADB95F /* Main.storyboard */ = {
			isa = PBXVariantGroup;
			children = (
				CC7D8E6C22B2C6CC00ADB95F /* Base */,
			);
			name = Main.storyboard;
			sourceTree = "<group>";
		};
		CC7D8E7022B2C6CD00ADB95F /* LaunchScreen.storyboard */ = {
			isa = PBXVariantGroup;
			children = (
				CC7D8E7122B2C6CD00ADB95F /* Base */,
			);
			name = LaunchScreen.storyboard;
			sourceTree = "<group>";
		};
/* End PBXVariantGroup section */

/* Begin XCBuildConfiguration section */
		CC7D8E7422B2C6CD00ADB95F /* Debug */ = {
			isa = XCBuildConfiguration;
			buildSettings = {
				ALWAYS_SEARCH_USER_PATHS = NO;
				CLANG_ANALYZER_NONNULL = YES;
				CLANG_ANALYZER_NUMBER_OBJECT_CONVERSION = YES_AGGRESSIVE;
				CLANG_CXX_LANGUAGE_STANDARD = "gnu++14";
				CLANG_CXX_LIBRARY = "libc++";
				CLANG_ENABLE_MODULES = YES;
				CLANG_ENABLE_OBJC_ARC = YES;
				CLANG_ENABLE_OBJC_WEAK = YES;
				CLANG_WARN_BLOCK_CAPTURE_AUTORELEASING = YES;
				CLANG_WARN_BOOL_CONVERSION = YES;
				CLANG_WARN_COMMA = YES;
				CLANG_WARN_CONSTANT_CONVERSION = YES;
				CLANG_WARN_DEPRECATED_OBJC_IMPLEMENTATIONS = YES;
				CLANG_WARN_DIRECT_OBJC_ISA_USAGE = YES_ERROR;
				CLANG_WARN_DOCUMENTATION_COMMENTS = YES;
				CLANG_WARN_EMPTY_BODY = YES;
				CLANG_WARN_ENUM_CONVERSION = YES;
				CLANG_WARN_INFINITE_RECURSION = YES;
				CLANG_WARN_INT_CONVERSION = YES;
				CLANG_WARN_NON_LITERAL_NULL_CONVERSION = YES;
				CLANG_WARN_OBJC_IMPLICIT_RETAIN_SELF = YES;
				CLANG_WARN_OBJC_LITERAL_CONVERSION = YES;
				CLANG_WARN_OBJC_ROOT_CLASS = YES_ERROR;
				CLANG_WARN_RANGE_LOOP_ANALYSIS = YES;
				CLANG_WARN_STRICT_PROTOTYPES = YES;
				CLANG_WARN_SUSPICIOUS_MOVE = YES;
				CLANG_WARN_UNGUARDED_AVAILABILITY = YES_AGGRESSIVE;
				CLANG_WARN_UNREACHABLE_CODE = YES;
				CLANG_WARN__DUPLICATE_METHOD_MATCH = YES;
				CODE_SIGN_IDENTITY = "iPhone Developer";
				COPY_PHASE_STRIP = NO;
				DEBUG_INFORMATION_FORMAT = dwarf;
				ENABLE_STRICT_OBJC_MSGSEND = YES;
				ENABLE_TESTABILITY = YES;
				GCC_C_LANGUAGE_STANDARD = gnu11;
				GCC_DYNAMIC_NO_PIC = NO;
				GCC_NO_COMMON_BLOCKS = YES;
				GCC_OPTIMIZATION_LEVEL = 0;
				GCC_PREPROCESSOR_DEFINITIONS = (
					"DEBUG=1",
					"$(inherited)",
				);
				GCC_WARN_64_TO_32_BIT_CONVERSION = YES;
				GCC_WARN_ABOUT_RETURN_TYPE = YES_ERROR;
				GCC_WARN_UNDECLARED_SELECTOR = YES;
				GCC_WARN_UNINITIALIZED_AUTOS = YES_AGGRESSIVE;
				GCC_WARN_UNUSED_FUNCTION = YES;
				GCC_WARN_UNUSED_VARIABLE = YES;
				IPHONEOS_DEPLOYMENT_TARGET = 12.2;
				MTL_ENABLE_DEBUG_INFO = INCLUDE_SOURCE;
				MTL_FAST_MATH = YES;
				ONLY_ACTIVE_ARCH = YES;
				SDKROOT = iphoneos;
				SWIFT_ACTIVE_COMPILATION_CONDITIONS = DEBUG;
				SWIFT_OPTIMIZATION_LEVEL = "-Onone";
			};
			name = Debug;
		};
		CC7D8E7522B2C6CD00ADB95F /* Release */ = {
			isa = XCBuildConfiguration;
			buildSettings = {
				ALWAYS_SEARCH_USER_PATHS = NO;
				CLANG_ANALYZER_NONNULL = YES;
				CLANG_ANALYZER_NUMBER_OBJECT_CONVERSION = YES_AGGRESSIVE;
				CLANG_CXX_LANGUAGE_STANDARD = "gnu++14";
				CLANG_CXX_LIBRARY = "libc++";
				CLANG_ENABLE_MODULES = YES;
				CLANG_ENABLE_OBJC_ARC = YES;
				CLANG_ENABLE_OBJC_WEAK = YES;
				CLANG_WARN_BLOCK_CAPTURE_AUTORELEASING = YES;
				CLANG_WARN_BOOL_CONVERSION = YES;
				CLANG_WARN_COMMA = YES;
				CLANG_WARN_CONSTANT_CONVERSION = YES;
				CLANG_WARN_DEPRECATED_OBJC_IMPLEMENTATIONS = YES;
				CLANG_WARN_DIRECT_OBJC_ISA_USAGE = YES_ERROR;
				CLANG_WARN_DOCUMENTATION_COMMENTS = YES;
				CLANG_WARN_EMPTY_BODY = YES;
				CLANG_WARN_ENUM_CONVERSION = YES;
				CLANG_WARN_INFINITE_RECURSION = YES;
				CLANG_WARN_INT_CONVERSION = YES;
				CLANG_WARN_NON_LITERAL_NULL_CONVERSION = YES;
				CLANG_WARN_OBJC_IMPLICIT_RETAIN_SELF = YES;
				CLANG_WARN_OBJC_LITERAL_CONVERSION = YES;
				CLANG_WARN_OBJC_ROOT_CLASS = YES_ERROR;
				CLANG_WARN_RANGE_LOOP_ANALYSIS = YES;
				CLANG_WARN_STRICT_PROTOTYPES = YES;
				CLANG_WARN_SUSPICIOUS_MOVE = YES;
				CLANG_WARN_UNGUARDED_AVAILABILITY = YES_AGGRESSIVE;
				CLANG_WARN_UNREACHABLE_CODE = YES;
				CLANG_WARN__DUPLICATE_METHOD_MATCH = YES;
				CODE_SIGN_IDENTITY = "iPhone Developer";
				COPY_PHASE_STRIP = NO;
				DEBUG_INFORMATION_FORMAT = "dwarf-with-dsym";
				ENABLE_NS_ASSERTIONS = NO;
				ENABLE_STRICT_OBJC_MSGSEND = YES;
				GCC_C_LANGUAGE_STANDARD = gnu11;
				GCC_NO_COMMON_BLOCKS = YES;
				GCC_WARN_64_TO_32_BIT_CONVERSION = YES;
				GCC_WARN_ABOUT_RETURN_TYPE = YES_ERROR;
				GCC_WARN_UNDECLARED_SELECTOR = YES;
				GCC_WARN_UNINITIALIZED_AUTOS = YES_AGGRESSIVE;
				GCC_WARN_UNUSED_FUNCTION = YES;
				GCC_WARN_UNUSED_VARIABLE = YES;
				IPHONEOS_DEPLOYMENT_TARGET = 12.2;
				MTL_ENABLE_DEBUG_INFO = NO;
				MTL_FAST_MATH = YES;
				SDKROOT = iphoneos;
				SWIFT_COMPILATION_MODE = wholemodule;
				SWIFT_OPTIMIZATION_LEVEL = "-O";
				VALIDATE_PRODUCT = YES;
			};
			name = Release;
		};
		CC7D8E7722B2C6CD00ADB95F /* Debug */ = {
			isa = XCBuildConfiguration;
			buildSettings = {
				ASSETCATALOG_COMPILER_APPICON_NAME = AppIcon;
				CODE_SIGN_STYLE = Automatic;
				DEVELOPMENT_TEAM = 6L4955ZP3M;
				INFOPLIST_FILE = Todoey/Info.plist;
				LD_RUNPATH_SEARCH_PATHS = (
					"$(inherited)",
					"@executable_path/Frameworks",
				);
				PRODUCT_BUNDLE_IDENTIFIER = com.AnthonyMoree.Todoey;
				PRODUCT_NAME = "$(TARGET_NAME)";
				SWIFT_VERSION = 5.0;
				TARGETED_DEVICE_FAMILY = "1,2";
			};
			name = Debug;
		};
		CC7D8E7822B2C6CD00ADB95F /* Release */ = {
			isa = XCBuildConfiguration;
			buildSettings = {
				ASSETCATALOG_COMPILER_APPICON_NAME = AppIcon;
				CODE_SIGN_STYLE = Automatic;
				DEVELOPMENT_TEAM = 6L4955ZP3M;
				INFOPLIST_FILE = Todoey/Info.plist;
				LD_RUNPATH_SEARCH_PATHS = (
					"$(inherited)",
					"@executable_path/Frameworks",
				);
				PRODUCT_BUNDLE_IDENTIFIER = com.AnthonyMoree.Todoey;
				PRODUCT_NAME = "$(TARGET_NAME)";
				SWIFT_VERSION = 5.0;
				TARGETED_DEVICE_FAMILY = "1,2";
			};
			name = Release;
		};
/* End XCBuildConfiguration section */

/* Begin XCConfigurationList section */
		CC7D8E5F22B2C6CC00ADB95F /* Build configuration list for PBXProject "Todoey" */ = {
			isa = XCConfigurationList;
			buildConfigurations = (
				CC7D8E7422B2C6CD00ADB95F /* Debug */,
				CC7D8E7522B2C6CD00ADB95F /* Release */,
			);
			defaultConfigurationIsVisible = 0;
			defaultConfigurationName = Release;
		};
		CC7D8E7622B2C6CD00ADB95F /* Build configuration list for PBXNativeTarget "Todoey" */ = {
			isa = XCConfigurationList;
			buildConfigurations = (
				CC7D8E7722B2C6CD00ADB95F /* Debug */,
				CC7D8E7822B2C6CD00ADB95F /* Release */,
			);
			defaultConfigurationIsVisible = 0;
			defaultConfigurationName = Release;
		};
/* End XCConfigurationList section */

/* Begin XCVersionGroup section */
		CC7D8E7F22B3ECB700ADB95F /* DataModel.xcdatamodeld */ = {
			isa = XCVersionGroup;
			children = (
				CC7D8E8022B3ECB700ADB95F /* DataModel.xcdatamodel */,
			);
			currentVersion = CC7D8E8022B3ECB700ADB95F /* DataModel.xcdatamodel */;
			path = DataModel.xcdatamodeld;
			sourceTree = "<group>";
			versionGroupType = wrapper.xcdatamodel;
		};
/* End XCVersionGroup section */
	};
	rootObject = CC7D8E5C22B2C6CC00ADB95F /* Project object */;
}
